{
  "nodes": {
    "composer2nix": {
      "flake": false,
      "locked": {
        "lastModified": 1646178110,
        "narHash": "sha256-P3acfGwHYjjZQcviPiOT7T7qzzP/drc2mibzrsrNP18=",
        "owner": "svanderburg",
        "repo": "composer2nix",
        "rev": "299caca4aac42d7639a42eb4dde951c010f6e91c",
        "type": "github"
      },
      "original": {
        "owner": "svanderburg",
        "repo": "composer2nix",
        "type": "github"
      }
    },
    "flake-utils": {
      "locked": {
        "lastModified": 1667395993,
        "narHash": "sha256-nuEHfE/LcWyuSWnS8t12N1wc105Qtau+/OdUAjtQ0rA=",
        "owner": "numtide",
        "repo": "flake-utils",
        "rev": "5aed5285a952e0b949eb3ba02c12fa4fcfef535f",
        "type": "github"
      },
      "original": {
        "owner": "numtide",
        "repo": "flake-utils",
        "type": "github"
      }
    },
    "flake-utils_2": {
      "locked": {
        "lastModified": 1667395993,
        "narHash": "sha256-nuEHfE/LcWyuSWnS8t12N1wc105Qtau+/OdUAjtQ0rA=",
        "owner": "numtide",
        "repo": "flake-utils",
        "rev": "5aed5285a952e0b949eb3ba02c12fa4fcfef535f",
        "type": "github"
      },
      "original": {
        "owner": "numtide",
        "repo": "flake-utils",
        "type": "github"
      }
    },
    "flake-utils_3": {
      "locked": {
        "lastModified": 1667395993,
        "narHash": "sha256-nuEHfE/LcWyuSWnS8t12N1wc105Qtau+/OdUAjtQ0rA=",
        "owner": "numtide",
        "repo": "flake-utils",
        "rev": "5aed5285a952e0b949eb3ba02c12fa4fcfef535f",
        "type": "github"
      },
      "original": {
        "owner": "numtide",
        "repo": "flake-utils",
        "type": "github"
      }
    },
    "flake-utils_4": {
      "locked": {
        "lastModified": 1667395993,
        "narHash": "sha256-nuEHfE/LcWyuSWnS8t12N1wc105Qtau+/OdUAjtQ0rA=",
        "owner": "numtide",
        "repo": "flake-utils",
        "rev": "5aed5285a952e0b949eb3ba02c12fa4fcfef535f",
        "type": "github"
      },
      "original": {
        "owner": "numtide",
        "repo": "flake-utils",
        "type": "github"
      }
    },
    "flake-utils_5": {
      "locked": {
        "lastModified": 1667395993,
        "narHash": "sha256-nuEHfE/LcWyuSWnS8t12N1wc105Qtau+/OdUAjtQ0rA=",
        "owner": "numtide",
        "repo": "flake-utils",
        "rev": "5aed5285a952e0b949eb3ba02c12fa4fcfef535f",
        "type": "github"
      },
      "original": {
        "owner": "numtide",
        "repo": "flake-utils",
        "type": "github"
      }
    },
    "gitignore": {
      "inputs": {
        "nixpkgs": [
          "nixpkgs"
        ]
      },
      "locked": {
        "lastModified": 1660459072,
        "narHash": "sha256-8DFJjXG8zqoONA1vXtgeKXy68KdJL5UaXR8NtVMUbx8=",
        "owner": "hercules-ci",
        "repo": "gitignore.nix",
        "rev": "a20de23b925fd8264fd7fad6454652e142fd7f73",
        "type": "github"
      },
      "original": {
        "owner": "hercules-ci",
        "repo": "gitignore.nix",
        "type": "github"
      }
    },
    "gitignore_2": {
      "inputs": {
        "nixpkgs": [
          "handlebars-c",
          "nixpkgs"
        ]
      },
      "locked": {
        "lastModified": 1660459072,
        "narHash": "sha256-8DFJjXG8zqoONA1vXtgeKXy68KdJL5UaXR8NtVMUbx8=",
        "owner": "hercules-ci",
        "repo": "gitignore.nix",
        "rev": "a20de23b925fd8264fd7fad6454652e142fd7f73",
        "type": "github"
      },
      "original": {
        "owner": "hercules-ci",
        "repo": "gitignore.nix",
        "type": "github"
      }
    },
    "gitignore_3": {
      "inputs": {
        "nixpkgs": [
          "php-psr",
          "nixpkgs"
        ]
      },
      "locked": {
        "lastModified": 1660459072,
        "narHash": "sha256-8DFJjXG8zqoONA1vXtgeKXy68KdJL5UaXR8NtVMUbx8=",
        "owner": "hercules-ci",
        "repo": "gitignore.nix",
        "rev": "a20de23b925fd8264fd7fad6454652e142fd7f73",
        "type": "github"
      },
      "original": {
        "owner": "hercules-ci",
        "repo": "gitignore.nix",
        "type": "github"
      }
    },
    "handlebars-c": {
      "inputs": {
        "flake-utils": "flake-utils_2",
        "gitignore": "gitignore_2",
        "handlebars_spec": [
          "handlebars_spec"
        ],
        "mustache_spec": [
          "mustache_spec"
        ],
        "nixpkgs": [
          "nixpkgs"
        ]
      },
      "locked": {
        "lastModified": 1669579121,
        "narHash": "sha256-Q4O2Oi6VO+BGqEJ5zlMSOIiaJIHK4dD25aMqWwwM7gg=",
        "owner": "jbboehr",
        "repo": "handlebars.c",
        "rev": "bc10ea7c40b25ec4678e44a2d4d6640336be789b",
        "type": "github"
      },
      "original": {
        "owner": "jbboehr",
        "repo": "handlebars.c",
        "type": "github"
      }
    },
    "handlebars_spec": {
      "inputs": {
        "flake-utils": "flake-utils_3",
        "nixpkgs": [
          "nixpkgs"
        ]
      },
      "locked": {
        "lastModified": 1669575861,
        "narHash": "sha256-zBvuDrq6EPkwVgtE7dNeITJPE+cJPSq39Vmf0ZK8Suc=",
        "owner": "jbboehr",
        "repo": "handlebars-spec",
        "rev": "289859aba16bc9e63d5b05ce176b777cb67700dc",
        "type": "github"
      },
      "original": {
        "owner": "jbboehr",
        "repo": "handlebars-spec",
        "type": "github"
      }
    },
    "mustache_spec": {
      "inputs": {
        "flake-utils": "flake-utils_4",
        "nixpkgs": [
          "nixpkgs"
        ]
      },
      "locked": {
        "lastModified": 1669505557,
        "narHash": "sha256-kYsxjpZruLDzJCT9wYFvUFQshHkQqF9jMeXu1ZTo6XU=",
        "owner": "jbboehr",
        "repo": "mustache-spec",
        "rev": "18cca097c306e8cbfd9f6a30f86a52f4c1d219e4",
        "type": "github"
      },
      "original": {
        "owner": "jbboehr",
        "repo": "mustache-spec",
        "type": "github"
      }
    },
    "nixpkgs": {
      "locked": {
        "lastModified": 1669578657,
        "narHash": "sha256-JpZD/eGs7pOqNJoQbaQCFTCe5YG5aTeKDY4gkPNt6+8=",
        "owner": "nixos",
        "repo": "nixpkgs",
        "rev": "1442df21e193412b7746d7dcb969a9f0b3400640",
        "type": "github"
      },
      "original": {
        "owner": "nixos",
        "repo": "nixpkgs",
        "type": "github"
      }
    },
    "php-psr": {
      "inputs": {
        "composer2nix": "composer2nix",
        "flake-utils": "flake-utils_5",
        "gitignore": "gitignore_3",
        "nixpkgs": [
          "nixpkgs"
        ]
      },
      "locked": {
        "lastModified": 1669530777,
        "narHash": "sha256-/b1k+hLX4iQSDiiZyNfVqseKh6IdSurbz8Zij9EAKGA=",
        "owner": "jbboehr",
        "repo": "php-psr",
        "rev": "a46f438d0e2669ad56ffe859650ef0be10fc5e91",
        "type": "github"
      },
      "original": {
        "owner": "jbboehr",
        "repo": "php-psr",
        "type": "github"
      }
    },
    "root": {
      "inputs": {
        "flake-utils": "flake-utils",
        "gitignore": "gitignore",
        "handlebars-c": "handlebars-c",
        "handlebars_spec": "handlebars_spec",
        "mustache_spec": "mustache_spec",
        "nixpkgs": "nixpkgs",
        "php-psr": "php-psr"
      }
    }
  },
  "root": "root",
  "version": 7
}
